// !$*UTF8*$!
{
	archiveVersion = 1;
	classes = {
	};
	objectVersion = 50;
	objects = {

/* Begin PBXBuildFile section */
		4712DB7C225025F300E69C6D /* NSApplication+DataDir.m in Sources */ = {isa = PBXBuildFile; fileRef = 4712DB57225025F300E69C6D /* NSApplication+DataDir.m */; };
		4712DB7D225025F300E69C6D /* Download.m in Sources */ = {isa = PBXBuildFile; fileRef = 4712DB5B225025F300E69C6D /* Download.m */; };
		4712DB7E225025F300E69C6D /* Unzip.m in Sources */ = {isa = PBXBuildFile; fileRef = 4712DB5F225025F300E69C6D /* Unzip.m */; };
		4712DB7F225025F300E69C6D /* FileNameToPattern.m in Sources */ = {isa = PBXBuildFile; fileRef = 4712DB62225025F300E69C6D /* FileNameToPattern.m */; };
		4712DB80225025F300E69C6D /* Repository.m in Sources */ = {isa = PBXBuildFile; fileRef = 4712DB65225025F300E69C6D /* Repository.m */; };
		4712DB81225025F300E69C6D /* RepositoryManager.m in Sources */ = {isa = PBXBuildFile; fileRef = 4712DB67225025F300E69C6D /* RepositoryManager.m */; };
		4712DB82225025F300E69C6D /* NSDictionary+JSON.m in Sources */ = {isa = PBXBuildFile; fileRef = 4712DB6B225025F300E69C6D /* NSDictionary+JSON.m */; };
		4712DB83225025F300E69C6D /* Package.m in Sources */ = {isa = PBXBuildFile; fileRef = 4712DB6D225025F300E69C6D /* Package.m */; };
		4712DB84225025F300E69C6D /* PackageType.m in Sources */ = {isa = PBXBuildFile; fileRef = 4712DB6E225025F300E69C6D /* PackageType.m */; };
		4712DB85225025F300E69C6D /* PackageVersion.m in Sources */ = {isa = PBXBuildFile; fileRef = 4712DB72225025F300E69C6D /* PackageVersion.m */; };
		4712DB86225025F300E69C6D /* Stopwatch.m in Sources */ = {isa = PBXBuildFile; fileRef = 4712DB74225025F300E69C6D /* Stopwatch.m */; };
		4712DB87225025F300E69C6D /* NSString+AltitudeStore.m in Sources */ = {isa = PBXBuildFile; fileRef = 4712DB77225025F300E69C6D /* NSString+AltitudeStore.m */; };
		4712DB88225025F300E69C6D /* ASException.m in Sources */ = {isa = PBXBuildFile; fileRef = 4712DB7B225025F300E69C6D /* ASException.m */; };
		4D99DE92216519DF00EA30D2 /* CustomSegue.swift in Sources */ = {isa = PBXBuildFile; fileRef = 4D99DE91216519DF00EA30D2 /* CustomSegue.swift */; };
		4DA47C2D2156D1510031ED93 /* Scroller.swift in Sources */ = {isa = PBXBuildFile; fileRef = 4DA47C2C2156D1510031ED93 /* Scroller.swift */; };
		4DB44F1F215BE868008F8CF2 /* FeaturedTab.swift in Sources */ = {isa = PBXBuildFile; fileRef = 4DB44F1E215BE868008F8CF2 /* FeaturedTab.swift */; };
		4DD4BC8721555944001B0E54 /* AppDelegate.swift in Sources */ = {isa = PBXBuildFile; fileRef = 4DD4BC8621555944001B0E54 /* AppDelegate.swift */; };
		4DD4BC8921555944001B0E54 /* ViewController.swift in Sources */ = {isa = PBXBuildFile; fileRef = 4DD4BC8821555944001B0E54 /* ViewController.swift */; };
		4DD4BC8B21555945001B0E54 /* Assets.xcassets in Resources */ = {isa = PBXBuildFile; fileRef = 4DD4BC8A21555945001B0E54 /* Assets.xcassets */; };
		4DD4BC8E21555945001B0E54 /* DarkMode.storyboard in Resources */ = {isa = PBXBuildFile; fileRef = 4DD4BC8C21555945001B0E54 /* DarkMode.storyboard */; };
		4DD4BC9A21555945001B0E54 /* Altitude_UITests.swift in Sources */ = {isa = PBXBuildFile; fileRef = 4DD4BC9921555945001B0E54 /* Altitude_UITests.swift */; };
		4DD4BCA521555945001B0E54 /* Altitude_UIUITests.swift in Sources */ = {isa = PBXBuildFile; fileRef = 4DD4BCA421555945001B0E54 /* Altitude_UIUITests.swift */; };
		765DE32D224ECEF600C76982 /* Altitude.jpg in Resources */ = {isa = PBXBuildFile; fileRef = 765DE32B224ECEF600C76982 /* Altitude.jpg */; };
		765DE32E224ECEF600C76982 /* developagain.png in Resources */ = {isa = PBXBuildFile; fileRef = 765DE32C224ECEF600C76982 /* developagain.png */; };
		E10B3B47224FA92F0013632A /* Downloader.swift in Sources */ = {isa = PBXBuildFile; fileRef = E10B3B46224FA92F0013632A /* Downloader.swift */; };
/* End PBXBuildFile section */

/* Begin PBXContainerItemProxy section */
		4DD4BC9621555945001B0E54 /* PBXContainerItemProxy */ = {
			isa = PBXContainerItemProxy;
			containerPortal = 4DD4BC7B21555944001B0E54 /* Project object */;
			proxyType = 1;
			remoteGlobalIDString = 4DD4BC8221555944001B0E54;
			remoteInfo = "Altitude UI";
		};
		4DD4BCA121555945001B0E54 /* PBXContainerItemProxy */ = {
			isa = PBXContainerItemProxy;
			containerPortal = 4DD4BC7B21555944001B0E54 /* Project object */;
			proxyType = 1;
			remoteGlobalIDString = 4DD4BC8221555944001B0E54;
			remoteInfo = "Altitude UI";
		};
/* End PBXContainerItemProxy section */

/* Begin PBXFileReference section */
		4712DB57225025F300E69C6D /* NSApplication+DataDir.m */ = {isa = PBXFileReference; fileEncoding = 4; lastKnownFileType = sourcecode.c.objc; path = "NSApplication+DataDir.m"; sourceTree = "<group>"; };
		4712DB58225025F300E69C6D /* NSString+AltitudeStore.h */ = {isa = PBXFileReference; fileEncoding = 4; lastKnownFileType = sourcecode.c.h; path = "NSString+AltitudeStore.h"; sourceTree = "<group>"; };
		4712DB59225025F300E69C6D /* SharedMacros.h */ = {isa = PBXFileReference; fileEncoding = 4; lastKnownFileType = sourcecode.c.h; path = SharedMacros.h; sourceTree = "<group>"; };
		4712DB5B225025F300E69C6D /* Download.m */ = {isa = PBXFileReference; fileEncoding = 4; lastKnownFileType = sourcecode.c.objc; path = Download.m; sourceTree = "<group>"; };
		4712DB5C225025F300E69C6D /* Download.h */ = {isa = PBXFileReference; fileEncoding = 4; lastKnownFileType = sourcecode.c.h; path = Download.h; sourceTree = "<group>"; };
		4712DB5F225025F300E69C6D /* Unzip.m */ = {isa = PBXFileReference; fileEncoding = 4; lastKnownFileType = sourcecode.c.objc; path = Unzip.m; sourceTree = "<group>"; };
		4712DB60225025F300E69C6D /* FileNameToPattern.h */ = {isa = PBXFileReference; fileEncoding = 4; lastKnownFileType = sourcecode.c.h; path = FileNameToPattern.h; sourceTree = "<group>"; };
		4712DB61225025F300E69C6D /* Unzip.h */ = {isa = PBXFileReference; fileEncoding = 4; lastKnownFileType = sourcecode.c.h; path = Unzip.h; sourceTree = "<group>"; };
		4712DB62225025F300E69C6D /* FileNameToPattern.m */ = {isa = PBXFileReference; fileEncoding = 4; lastKnownFileType = sourcecode.c.objc; path = FileNameToPattern.m; sourceTree = "<group>"; };
		4712DB64225025F300E69C6D /* Repository.h */ = {isa = PBXFileReference; fileEncoding = 4; lastKnownFileType = sourcecode.c.h; path = Repository.h; sourceTree = "<group>"; };
		4712DB65225025F300E69C6D /* Repository.m */ = {isa = PBXFileReference; fileEncoding = 4; lastKnownFileType = sourcecode.c.objc; path = Repository.m; sourceTree = "<group>"; };
		4712DB67225025F300E69C6D /* RepositoryManager.m */ = {isa = PBXFileReference; fileEncoding = 4; lastKnownFileType = sourcecode.c.objc; path = RepositoryManager.m; sourceTree = "<group>"; };
		4712DB68225025F300E69C6D /* RepositoryManager.h */ = {isa = PBXFileReference; fileEncoding = 4; lastKnownFileType = sourcecode.c.h; path = RepositoryManager.h; sourceTree = "<group>"; };
		4712DB6A225025F300E69C6D /* NSDictionary+JSON.h */ = {isa = PBXFileReference; fileEncoding = 4; lastKnownFileType = sourcecode.c.h; path = "NSDictionary+JSON.h"; sourceTree = "<group>"; };
		4712DB6B225025F300E69C6D /* NSDictionary+JSON.m */ = {isa = PBXFileReference; fileEncoding = 4; lastKnownFileType = sourcecode.c.objc; path = "NSDictionary+JSON.m"; sourceTree = "<group>"; };
		4712DB6D225025F300E69C6D /* Package.m */ = {isa = PBXFileReference; fileEncoding = 4; lastKnownFileType = sourcecode.c.objc; path = Package.m; sourceTree = "<group>"; };
		4712DB6E225025F300E69C6D /* PackageType.m */ = {isa = PBXFileReference; fileEncoding = 4; lastKnownFileType = sourcecode.c.objc; path = PackageType.m; sourceTree = "<group>"; };
		4712DB6F225025F300E69C6D /* PackageVersion.h */ = {isa = PBXFileReference; fileEncoding = 4; lastKnownFileType = sourcecode.c.h; path = PackageVersion.h; sourceTree = "<group>"; };
		4712DB70225025F300E69C6D /* Package.h */ = {isa = PBXFileReference; fileEncoding = 4; lastKnownFileType = sourcecode.c.h; path = Package.h; sourceTree = "<group>"; };
		4712DB71225025F300E69C6D /* PackageType.h */ = {isa = PBXFileReference; fileEncoding = 4; lastKnownFileType = sourcecode.c.h; path = PackageType.h; sourceTree = "<group>"; };
		4712DB72225025F300E69C6D /* PackageVersion.m */ = {isa = PBXFileReference; fileEncoding = 4; lastKnownFileType = sourcecode.c.objc; path = PackageVersion.m; sourceTree = "<group>"; };
		4712DB74225025F300E69C6D /* Stopwatch.m */ = {isa = PBXFileReference; fileEncoding = 4; lastKnownFileType = sourcecode.c.objc; path = Stopwatch.m; sourceTree = "<group>"; };
		4712DB75225025F300E69C6D /* Stopwatch.h */ = {isa = PBXFileReference; fileEncoding = 4; lastKnownFileType = sourcecode.c.h; path = Stopwatch.h; sourceTree = "<group>"; };
		4712DB76225025F300E69C6D /* NSApplication+DataDir.h */ = {isa = PBXFileReference; fileEncoding = 4; lastKnownFileType = sourcecode.c.h; path = "NSApplication+DataDir.h"; sourceTree = "<group>"; };
		4712DB77225025F300E69C6D /* NSString+AltitudeStore.m */ = {isa = PBXFileReference; fileEncoding = 4; lastKnownFileType = sourcecode.c.objc; path = "NSString+AltitudeStore.m"; sourceTree = "<group>"; };
		4712DB79225025F300E69C6D /* ASException.h */ = {isa = PBXFileReference; fileEncoding = 4; lastKnownFileType = sourcecode.c.h; path = ASException.h; sourceTree = "<group>"; };
		4712DB7A225025F300E69C6D /* ASExceptionType.h */ = {isa = PBXFileReference; fileEncoding = 4; lastKnownFileType = sourcecode.c.h; path = ASExceptionType.h; sourceTree = "<group>"; };
		4712DB7B225025F300E69C6D /* ASException.m */ = {isa = PBXFileReference; fileEncoding = 4; lastKnownFileType = sourcecode.c.objc; path = ASException.m; sourceTree = "<group>"; };
		4712DB892250260A00E69C6D /* BridgingHeader.h */ = {isa = PBXFileReference; lastKnownFileType = sourcecode.c.h; path = BridgingHeader.h; sourceTree = "<group>"; };
		4D99DE91216519DF00EA30D2 /* CustomSegue.swift */ = {isa = PBXFileReference; lastKnownFileType = sourcecode.swift; path = CustomSegue.swift; sourceTree = "<group>"; };
		4DA47C2C2156D1510031ED93 /* Scroller.swift */ = {isa = PBXFileReference; lastKnownFileType = sourcecode.swift; path = Scroller.swift; sourceTree = "<group>"; };
		4DB44F1E215BE868008F8CF2 /* FeaturedTab.swift */ = {isa = PBXFileReference; lastKnownFileType = sourcecode.swift; path = FeaturedTab.swift; sourceTree = "<group>"; };
		4DD4BC8321555944001B0E54 /* Altitude UI.app */ = {isa = PBXFileReference; explicitFileType = wrapper.application; includeInIndex = 0; path = "Altitude UI.app"; sourceTree = BUILT_PRODUCTS_DIR; };
		4DD4BC8621555944001B0E54 /* AppDelegate.swift */ = {isa = PBXFileReference; lastKnownFileType = sourcecode.swift; path = AppDelegate.swift; sourceTree = "<group>"; };
		4DD4BC8821555944001B0E54 /* ViewController.swift */ = {isa = PBXFileReference; lastKnownFileType = sourcecode.swift; path = ViewController.swift; sourceTree = "<group>"; };
		4DD4BC8A21555945001B0E54 /* Assets.xcassets */ = {isa = PBXFileReference; lastKnownFileType = folder.assetcatalog; path = Assets.xcassets; sourceTree = "<group>"; };
		4DD4BC8D21555945001B0E54 /* Base */ = {isa = PBXFileReference; lastKnownFileType = file.storyboard; name = Base; path = Base.lproj/DarkMode.storyboard; sourceTree = "<group>"; };
		4DD4BC8F21555945001B0E54 /* Info.plist */ = {isa = PBXFileReference; lastKnownFileType = text.plist.xml; path = Info.plist; sourceTree = "<group>"; };
		4DD4BC9021555945001B0E54 /* Altitude_UI.entitlements */ = {isa = PBXFileReference; lastKnownFileType = text.plist.entitlements; path = Altitude_UI.entitlements; sourceTree = "<group>"; };
		4DD4BC9521555945001B0E54 /* Altitude UITests.xctest */ = {isa = PBXFileReference; explicitFileType = wrapper.cfbundle; includeInIndex = 0; path = "Altitude UITests.xctest"; sourceTree = BUILT_PRODUCTS_DIR; };
		4DD4BC9921555945001B0E54 /* Altitude_UITests.swift */ = {isa = PBXFileReference; lastKnownFileType = sourcecode.swift; path = Altitude_UITests.swift; sourceTree = "<group>"; };
		4DD4BC9B21555945001B0E54 /* Info.plist */ = {isa = PBXFileReference; lastKnownFileType = text.plist.xml; path = Info.plist; sourceTree = "<group>"; };
		4DD4BCA021555945001B0E54 /* Altitude UIUITests.xctest */ = {isa = PBXFileReference; explicitFileType = wrapper.cfbundle; includeInIndex = 0; path = "Altitude UIUITests.xctest"; sourceTree = BUILT_PRODUCTS_DIR; };
		4DD4BCA421555945001B0E54 /* Altitude_UIUITests.swift */ = {isa = PBXFileReference; lastKnownFileType = sourcecode.swift; path = Altitude_UIUITests.swift; sourceTree = "<group>"; };
		4DD4BCA621555945001B0E54 /* Info.plist */ = {isa = PBXFileReference; lastKnownFileType = text.plist.xml; path = Info.plist; sourceTree = "<group>"; };
		765DE32B224ECEF600C76982 /* Altitude.jpg */ = {isa = PBXFileReference; lastKnownFileType = image.jpeg; path = Altitude.jpg; sourceTree = "<group>"; };
		765DE32C224ECEF600C76982 /* developagain.png */ = {isa = PBXFileReference; lastKnownFileType = image.png; path = developagain.png; sourceTree = "<group>"; };
		E10B3B46224FA92F0013632A /* Downloader.swift */ = {isa = PBXFileReference; lastKnownFileType = sourcecode.swift; path = Downloader.swift; sourceTree = "<group>"; };
/* End PBXFileReference section */

/* Begin PBXFrameworksBuildPhase section */
		4DD4BC8021555944001B0E54 /* Frameworks */ = {
			isa = PBXFrameworksBuildPhase;
			buildActionMask = 2147483647;
			files = (
			);
			runOnlyForDeploymentPostprocessing = 0;
		};
		4DD4BC9221555945001B0E54 /* Frameworks */ = {
			isa = PBXFrameworksBuildPhase;
			buildActionMask = 2147483647;
			files = (
			);
			runOnlyForDeploymentPostprocessing = 0;
		};
		4DD4BC9D21555945001B0E54 /* Frameworks */ = {
			isa = PBXFrameworksBuildPhase;
			buildActionMask = 2147483647;
			files = (
			);
			runOnlyForDeploymentPostprocessing = 0;
		};
/* End PBXFrameworksBuildPhase section */

/* Begin PBXGroup section */
		4712DB56225025F300E69C6D /* Altitude Core */ = {
			isa = PBXGroup;
			children = (
				4712DB57225025F300E69C6D /* NSApplication+DataDir.m */,
				4712DB58225025F300E69C6D /* NSString+AltitudeStore.h */,
				4712DB59225025F300E69C6D /* SharedMacros.h */,
				4712DB5A225025F300E69C6D /* Download */,
				4712DB5D225025F300E69C6D /* Repository System */,
				4712DB73225025F300E69C6D /* Stopwatch */,
				4712DB76225025F300E69C6D /* NSApplication+DataDir.h */,
				4712DB77225025F300E69C6D /* NSString+AltitudeStore.m */,
				4712DB78225025F300E69C6D /* Exception */,
			);
			path = "Altitude Core";
			sourceTree = "<group>";
		};
		4712DB5A225025F300E69C6D /* Download */ = {
			isa = PBXGroup;
			children = (
				4712DB5B225025F300E69C6D /* Download.m */,
				4712DB5C225025F300E69C6D /* Download.h */,
			);
			path = Download;
			sourceTree = "<group>";
		};
		4712DB5D225025F300E69C6D /* Repository System */ = {
			isa = PBXGroup;
			children = (
				4712DB5E225025F300E69C6D /* Zip Files */,
				4712DB63225025F300E69C6D /* Repository */,
				4712DB66225025F300E69C6D /* RepositoryManager */,
				4712DB69225025F300E69C6D /* NSDictionary+JSON */,
				4712DB6C225025F300E69C6D /* Package */,
			);
			path = "Repository System";
			sourceTree = "<group>";
		};
		4712DB5E225025F300E69C6D /* Zip Files */ = {
			isa = PBXGroup;
			children = (
				4712DB5F225025F300E69C6D /* Unzip.m */,
				4712DB60225025F300E69C6D /* FileNameToPattern.h */,
				4712DB61225025F300E69C6D /* Unzip.h */,
				4712DB62225025F300E69C6D /* FileNameToPattern.m */,
			);
			path = "Zip Files";
			sourceTree = "<group>";
		};
		4712DB63225025F300E69C6D /* Repository */ = {
			isa = PBXGroup;
			children = (
				4712DB64225025F300E69C6D /* Repository.h */,
				4712DB65225025F300E69C6D /* Repository.m */,
			);
			path = Repository;
			sourceTree = "<group>";
		};
		4712DB66225025F300E69C6D /* RepositoryManager */ = {
			isa = PBXGroup;
			children = (
				4712DB67225025F300E69C6D /* RepositoryManager.m */,
				4712DB68225025F300E69C6D /* RepositoryManager.h */,
			);
			path = RepositoryManager;
			sourceTree = "<group>";
		};
		4712DB69225025F300E69C6D /* NSDictionary+JSON */ = {
			isa = PBXGroup;
			children = (
				4712DB6A225025F300E69C6D /* NSDictionary+JSON.h */,
				4712DB6B225025F300E69C6D /* NSDictionary+JSON.m */,
			);
			path = "NSDictionary+JSON";
			sourceTree = "<group>";
		};
		4712DB6C225025F300E69C6D /* Package */ = {
			isa = PBXGroup;
			children = (
				4712DB6D225025F300E69C6D /* Package.m */,
				4712DB6E225025F300E69C6D /* PackageType.m */,
				4712DB6F225025F300E69C6D /* PackageVersion.h */,
				4712DB70225025F300E69C6D /* Package.h */,
				4712DB71225025F300E69C6D /* PackageType.h */,
				4712DB72225025F300E69C6D /* PackageVersion.m */,
			);
			path = Package;
			sourceTree = "<group>";
		};
		4712DB73225025F300E69C6D /* Stopwatch */ = {
			isa = PBXGroup;
			children = (
				4712DB74225025F300E69C6D /* Stopwatch.m */,
				4712DB75225025F300E69C6D /* Stopwatch.h */,
			);
			path = Stopwatch;
			sourceTree = "<group>";
		};
		4712DB78225025F300E69C6D /* Exception */ = {
			isa = PBXGroup;
			children = (
				4712DB79225025F300E69C6D /* ASException.h */,
				4712DB7A225025F300E69C6D /* ASExceptionType.h */,
				4712DB7B225025F300E69C6D /* ASException.m */,
			);
			path = Exception;
			sourceTree = "<group>";
		};
		4DD4BC7A21555944001B0E54 = {
			isa = PBXGroup;
			children = (
				4DD4BC8521555944001B0E54 /* Altitude UI */,
				4DD4BC9821555945001B0E54 /* Altitude UITests */,
				4DD4BCA321555945001B0E54 /* Altitude UIUITests */,
				4DD4BC8421555944001B0E54 /* Products */,
				765DE32A224ECEF600C76982 /* Images */,
			);
			sourceTree = "<group>";
		};
		4DD4BC8421555944001B0E54 /* Products */ = {
			isa = PBXGroup;
			children = (
				4DD4BC8321555944001B0E54 /* Altitude UI.app */,
				4DD4BC9521555945001B0E54 /* Altitude UITests.xctest */,
				4DD4BCA021555945001B0E54 /* Altitude UIUITests.xctest */,
			);
			name = Products;
			sourceTree = "<group>";
		};
		4DD4BC8521555944001B0E54 /* Altitude UI */ = {
			isa = PBXGroup;
			children = (
				4DD4BC8621555944001B0E54 /* AppDelegate.swift */,
				4DD4BC8821555944001B0E54 /* ViewController.swift */,
				4DA47C2C2156D1510031ED93 /* Scroller.swift */,
				4DB44F1E215BE868008F8CF2 /* FeaturedTab.swift */,
				4D99DE91216519DF00EA30D2 /* CustomSegue.swift */,
				4DD4BC8A21555945001B0E54 /* Assets.xcassets */,
				4DD4BC8C21555945001B0E54 /* DarkMode.storyboard */,
				4DD4BC8F21555945001B0E54 /* Info.plist */,
				4DD4BC9021555945001B0E54 /* Altitude_UI.entitlements */,
				E10B3B46224FA92F0013632A /* Downloader.swift */,
				4712DB892250260A00E69C6D /* BridgingHeader.h */,
				4712DB56225025F300E69C6D /* Altitude Core */,
			);
			path = "Altitude UI";
			sourceTree = "<group>";
		};
		4DD4BC9821555945001B0E54 /* Altitude UITests */ = {
			isa = PBXGroup;
			children = (
				4DD4BC9921555945001B0E54 /* Altitude_UITests.swift */,
				4DD4BC9B21555945001B0E54 /* Info.plist */,
			);
			path = "Altitude UITests";
			sourceTree = "<group>";
		};
		4DD4BCA321555945001B0E54 /* Altitude UIUITests */ = {
			isa = PBXGroup;
			children = (
				4DD4BCA421555945001B0E54 /* Altitude_UIUITests.swift */,
				4DD4BCA621555945001B0E54 /* Info.plist */,
			);
			path = "Altitude UIUITests";
			sourceTree = "<group>";
		};
		765DE32A224ECEF600C76982 /* Images */ = {
			isa = PBXGroup;
			children = (
				765DE32B224ECEF600C76982 /* Altitude.jpg */,
				765DE32C224ECEF600C76982 /* developagain.png */,
			);
			path = Images;
			sourceTree = "<group>";
		};
/* End PBXGroup section */

/* Begin PBXNativeTarget section */
		4DD4BC8221555944001B0E54 /* Altitude UI */ = {
			isa = PBXNativeTarget;
			buildConfigurationList = 4DD4BCA921555945001B0E54 /* Build configuration list for PBXNativeTarget "Altitude UI" */;
			buildPhases = (
				4DD4BC7F21555944001B0E54 /* Sources */,
				4DD4BC8021555944001B0E54 /* Frameworks */,
				4DD4BC8121555944001B0E54 /* Resources */,
			);
			buildRules = (
			);
			dependencies = (
			);
			name = "Altitude UI";
			productName = "Altitude UI";
			productReference = 4DD4BC8321555944001B0E54 /* Altitude UI.app */;
			productType = "com.apple.product-type.application";
		};
		4DD4BC9421555945001B0E54 /* Altitude UITests */ = {
			isa = PBXNativeTarget;
			buildConfigurationList = 4DD4BCAC21555945001B0E54 /* Build configuration list for PBXNativeTarget "Altitude UITests" */;
			buildPhases = (
				4DD4BC9121555945001B0E54 /* Sources */,
				4DD4BC9221555945001B0E54 /* Frameworks */,
				4DD4BC9321555945001B0E54 /* Resources */,
			);
			buildRules = (
			);
			dependencies = (
				4DD4BC9721555945001B0E54 /* PBXTargetDependency */,
			);
			name = "Altitude UITests";
			productName = "Altitude UITests";
			productReference = 4DD4BC9521555945001B0E54 /* Altitude UITests.xctest */;
			productType = "com.apple.product-type.bundle.unit-test";
		};
		4DD4BC9F21555945001B0E54 /* Altitude UIUITests */ = {
			isa = PBXNativeTarget;
			buildConfigurationList = 4DD4BCAF21555945001B0E54 /* Build configuration list for PBXNativeTarget "Altitude UIUITests" */;
			buildPhases = (
				4DD4BC9C21555945001B0E54 /* Sources */,
				4DD4BC9D21555945001B0E54 /* Frameworks */,
				4DD4BC9E21555945001B0E54 /* Resources */,
			);
			buildRules = (
			);
			dependencies = (
				4DD4BCA221555945001B0E54 /* PBXTargetDependency */,
			);
			name = "Altitude UIUITests";
			productName = "Altitude UIUITests";
			productReference = 4DD4BCA021555945001B0E54 /* Altitude UIUITests.xctest */;
			productType = "com.apple.product-type.bundle.ui-testing";
		};
/* End PBXNativeTarget section */

/* Begin PBXProject section */
		4DD4BC7B21555944001B0E54 /* Project object */ = {
			isa = PBXProject;
			attributes = {
				KnownAssetTags = (
					New,
				);
				LastSwiftUpdateCheck = 0940;
				LastUpgradeCheck = 0940;
				ORGANIZATIONNAME = EvenDev;
				TargetAttributes = {
					4DD4BC8221555944001B0E54 = {
						CreatedOnToolsVersion = 9.4.1;
					};
					4DD4BC9421555945001B0E54 = {
						CreatedOnToolsVersion = 9.4.1;
						TestTargetID = 4DD4BC8221555944001B0E54;
					};
					4DD4BC9F21555945001B0E54 = {
						CreatedOnToolsVersion = 9.4.1;
						TestTargetID = 4DD4BC8221555944001B0E54;
					};
				};
			};
			buildConfigurationList = 4DD4BC7E21555944001B0E54 /* Build configuration list for PBXProject "Altitude UI" */;
			compatibilityVersion = "Xcode 9.3";
			developmentRegion = en;
			hasScannedForEncodings = 0;
			knownRegions = (
				en,
				Base,
			);
			mainGroup = 4DD4BC7A21555944001B0E54;
			productRefGroup = 4DD4BC8421555944001B0E54 /* Products */;
			projectDirPath = "";
			projectRoot = "";
			targets = (
				4DD4BC8221555944001B0E54 /* Altitude UI */,
				4DD4BC9421555945001B0E54 /* Altitude UITests */,
				4DD4BC9F21555945001B0E54 /* Altitude UIUITests */,
			);
		};
/* End PBXProject section */

/* Begin PBXResourcesBuildPhase section */
		4DD4BC8121555944001B0E54 /* Resources */ = {
			isa = PBXResourcesBuildPhase;
			buildActionMask = 2147483647;
			files = (
				765DE32D224ECEF600C76982 /* Altitude.jpg in Resources */,
				4DD4BC8B21555945001B0E54 /* Assets.xcassets in Resources */,
				765DE32E224ECEF600C76982 /* developagain.png in Resources */,
				4DD4BC8E21555945001B0E54 /* DarkMode.storyboard in Resources */,
			);
			runOnlyForDeploymentPostprocessing = 0;
		};
		4DD4BC9321555945001B0E54 /* Resources */ = {
			isa = PBXResourcesBuildPhase;
			buildActionMask = 2147483647;
			files = (
			);
			runOnlyForDeploymentPostprocessing = 0;
		};
		4DD4BC9E21555945001B0E54 /* Resources */ = {
			isa = PBXResourcesBuildPhase;
			buildActionMask = 2147483647;
			files = (
			);
			runOnlyForDeploymentPostprocessing = 0;
		};
/* End PBXResourcesBuildPhase section */

/* Begin PBXSourcesBuildPhase section */
		4DD4BC7F21555944001B0E54 /* Sources */ = {
			isa = PBXSourcesBuildPhase;
			buildActionMask = 2147483647;
			files = (
				4712DB83225025F300E69C6D /* Package.m in Sources */,
				4712DB86225025F300E69C6D /* Stopwatch.m in Sources */,
				4DA47C2D2156D1510031ED93 /* Scroller.swift in Sources */,
				4712DB81225025F300E69C6D /* RepositoryManager.m in Sources */,
				4DD4BC8921555944001B0E54 /* ViewController.swift in Sources */,
				E10B3B47224FA92F0013632A /* Downloader.swift in Sources */,
				4DD4BC8721555944001B0E54 /* AppDelegate.swift in Sources */,
				4712DB84225025F300E69C6D /* PackageType.m in Sources */,
				4712DB82225025F300E69C6D /* NSDictionary+JSON.m in Sources */,
				4712DB80225025F300E69C6D /* Repository.m in Sources */,
				4712DB7C225025F300E69C6D /* NSApplication+DataDir.m in Sources */,
				4712DB7D225025F300E69C6D /* Download.m in Sources */,
				4712DB88225025F300E69C6D /* ASException.m in Sources */,
				4712DB7E225025F300E69C6D /* Unzip.m in Sources */,
				4D99DE92216519DF00EA30D2 /* CustomSegue.swift in Sources */,
				4712DB85225025F300E69C6D /* PackageVersion.m in Sources */,
				4712DB7F225025F300E69C6D /* FileNameToPattern.m in Sources */,
				4DB44F1F215BE868008F8CF2 /* FeaturedTab.swift in Sources */,
				4712DB87225025F300E69C6D /* NSString+AltitudeStore.m in Sources */,
			);
			runOnlyForDeploymentPostprocessing = 0;
		};
		4DD4BC9121555945001B0E54 /* Sources */ = {
			isa = PBXSourcesBuildPhase;
			buildActionMask = 2147483647;
			files = (
				4DD4BC9A21555945001B0E54 /* Altitude_UITests.swift in Sources */,
			);
			runOnlyForDeploymentPostprocessing = 0;
		};
		4DD4BC9C21555945001B0E54 /* Sources */ = {
			isa = PBXSourcesBuildPhase;
			buildActionMask = 2147483647;
			files = (
				4DD4BCA521555945001B0E54 /* Altitude_UIUITests.swift in Sources */,
			);
			runOnlyForDeploymentPostprocessing = 0;
		};
/* End PBXSourcesBuildPhase section */

/* Begin PBXTargetDependency section */
		4DD4BC9721555945001B0E54 /* PBXTargetDependency */ = {
			isa = PBXTargetDependency;
			target = 4DD4BC8221555944001B0E54 /* Altitude UI */;
			targetProxy = 4DD4BC9621555945001B0E54 /* PBXContainerItemProxy */;
		};
		4DD4BCA221555945001B0E54 /* PBXTargetDependency */ = {
			isa = PBXTargetDependency;
			target = 4DD4BC8221555944001B0E54 /* Altitude UI */;
			targetProxy = 4DD4BCA121555945001B0E54 /* PBXContainerItemProxy */;
		};
/* End PBXTargetDependency section */

/* Begin PBXVariantGroup section */
		4DD4BC8C21555945001B0E54 /* DarkMode.storyboard */ = {
			isa = PBXVariantGroup;
			children = (
				4DD4BC8D21555945001B0E54 /* Base */,
			);
			name = DarkMode.storyboard;
			sourceTree = "<group>";
		};
/* End PBXVariantGroup section */

/* Begin XCBuildConfiguration section */
		4DD4BCA721555945001B0E54 /* Debug */ = {
			isa = XCBuildConfiguration;
			buildSettings = {
				ALWAYS_SEARCH_USER_PATHS = NO;
				CLANG_ANALYZER_NONNULL = YES;
				CLANG_ANALYZER_NUMBER_OBJECT_CONVERSION = YES_AGGRESSIVE;
				CLANG_CXX_LANGUAGE_STANDARD = "gnu++14";
				CLANG_CXX_LIBRARY = "libc++";
				CLANG_ENABLE_MODULES = YES;
				CLANG_ENABLE_OBJC_ARC = YES;
				CLANG_ENABLE_OBJC_WEAK = YES;
				CLANG_WARN_BLOCK_CAPTURE_AUTORELEASING = YES;
				CLANG_WARN_BOOL_CONVERSION = YES;
				CLANG_WARN_COMMA = YES;
				CLANG_WARN_CONSTANT_CONVERSION = YES;
				CLANG_WARN_DEPRECATED_OBJC_IMPLEMENTATIONS = YES;
				CLANG_WARN_DIRECT_OBJC_ISA_USAGE = YES_ERROR;
				CLANG_WARN_DOCUMENTATION_COMMENTS = YES;
				CLANG_WARN_EMPTY_BODY = YES;
				CLANG_WARN_ENUM_CONVERSION = YES;
				CLANG_WARN_INFINITE_RECURSION = YES;
				CLANG_WARN_INT_CONVERSION = YES;
				CLANG_WARN_NON_LITERAL_NULL_CONVERSION = YES;
				CLANG_WARN_OBJC_IMPLICIT_RETAIN_SELF = YES;
				CLANG_WARN_OBJC_LITERAL_CONVERSION = YES;
				CLANG_WARN_OBJC_ROOT_CLASS = YES_ERROR;
				CLANG_WARN_RANGE_LOOP_ANALYSIS = YES;
				CLANG_WARN_STRICT_PROTOTYPES = YES;
				CLANG_WARN_SUSPICIOUS_MOVE = YES;
				CLANG_WARN_UNGUARDED_AVAILABILITY = YES_AGGRESSIVE;
				CLANG_WARN_UNREACHABLE_CODE = YES;
				CLANG_WARN__DUPLICATE_METHOD_MATCH = YES;
				CODE_SIGN_IDENTITY = "Mac Developer";
				COPY_PHASE_STRIP = NO;
				DEBUG_INFORMATION_FORMAT = dwarf;
				ENABLE_STRICT_OBJC_MSGSEND = YES;
				ENABLE_TESTABILITY = YES;
				GCC_C_LANGUAGE_STANDARD = gnu11;
				GCC_DYNAMIC_NO_PIC = NO;
				GCC_NO_COMMON_BLOCKS = YES;
				GCC_OPTIMIZATION_LEVEL = 0;
				GCC_PREPROCESSOR_DEFINITIONS = (
					"DEBUG=1",
					"$(inherited)",
				);
				GCC_WARN_64_TO_32_BIT_CONVERSION = YES;
				GCC_WARN_ABOUT_RETURN_TYPE = YES_ERROR;
				GCC_WARN_UNDECLARED_SELECTOR = YES;
				GCC_WARN_UNINITIALIZED_AUTOS = YES_AGGRESSIVE;
				GCC_WARN_UNUSED_FUNCTION = YES;
				GCC_WARN_UNUSED_VARIABLE = YES;
				MACOSX_DEPLOYMENT_TARGET = 10.13;
				MTL_ENABLE_DEBUG_INFO = YES;
				ONLY_ACTIVE_ARCH = YES;
				SDKROOT = macosx;
				SWIFT_ACTIVE_COMPILATION_CONDITIONS = DEBUG;
				SWIFT_OPTIMIZATION_LEVEL = "-Onone";
			};
			name = Debug;
		};
		4DD4BCA821555945001B0E54 /* Release */ = {
			isa = XCBuildConfiguration;
			buildSettings = {
				ALWAYS_SEARCH_USER_PATHS = NO;
				CLANG_ANALYZER_NONNULL = YES;
				CLANG_ANALYZER_NUMBER_OBJECT_CONVERSION = YES_AGGRESSIVE;
				CLANG_CXX_LANGUAGE_STANDARD = "gnu++14";
				CLANG_CXX_LIBRARY = "libc++";
				CLANG_ENABLE_MODULES = YES;
				CLANG_ENABLE_OBJC_ARC = YES;
				CLANG_ENABLE_OBJC_WEAK = YES;
				CLANG_WARN_BLOCK_CAPTURE_AUTORELEASING = YES;
				CLANG_WARN_BOOL_CONVERSION = YES;
				CLANG_WARN_COMMA = YES;
				CLANG_WARN_CONSTANT_CONVERSION = YES;
				CLANG_WARN_DEPRECATED_OBJC_IMPLEMENTATIONS = YES;
				CLANG_WARN_DIRECT_OBJC_ISA_USAGE = YES_ERROR;
				CLANG_WARN_DOCUMENTATION_COMMENTS = YES;
				CLANG_WARN_EMPTY_BODY = YES;
				CLANG_WARN_ENUM_CONVERSION = YES;
				CLANG_WARN_INFINITE_RECURSION = YES;
				CLANG_WARN_INT_CONVERSION = YES;
				CLANG_WARN_NON_LITERAL_NULL_CONVERSION = YES;
				CLANG_WARN_OBJC_IMPLICIT_RETAIN_SELF = YES;
				CLANG_WARN_OBJC_LITERAL_CONVERSION = YES;
				CLANG_WARN_OBJC_ROOT_CLASS = YES_ERROR;
				CLANG_WARN_RANGE_LOOP_ANALYSIS = YES;
				CLANG_WARN_STRICT_PROTOTYPES = YES;
				CLANG_WARN_SUSPICIOUS_MOVE = YES;
				CLANG_WARN_UNGUARDED_AVAILABILITY = YES_AGGRESSIVE;
				CLANG_WARN_UNREACHABLE_CODE = YES;
				CLANG_WARN__DUPLICATE_METHOD_MATCH = YES;
				CODE_SIGN_IDENTITY = "Mac Developer";
				COPY_PHASE_STRIP = NO;
				DEBUG_INFORMATION_FORMAT = "dwarf-with-dsym";
				ENABLE_NS_ASSERTIONS = NO;
				ENABLE_STRICT_OBJC_MSGSEND = YES;
				GCC_C_LANGUAGE_STANDARD = gnu11;
				GCC_NO_COMMON_BLOCKS = YES;
				GCC_WARN_64_TO_32_BIT_CONVERSION = YES;
				GCC_WARN_ABOUT_RETURN_TYPE = YES_ERROR;
				GCC_WARN_UNDECLARED_SELECTOR = YES;
				GCC_WARN_UNINITIALIZED_AUTOS = YES_AGGRESSIVE;
				GCC_WARN_UNUSED_FUNCTION = YES;
				GCC_WARN_UNUSED_VARIABLE = YES;
				MACOSX_DEPLOYMENT_TARGET = 10.13;
				MTL_ENABLE_DEBUG_INFO = NO;
				SDKROOT = macosx;
				SWIFT_COMPILATION_MODE = wholemodule;
				SWIFT_OPTIMIZATION_LEVEL = "-O";
			};
			name = Release;
		};
		4DD4BCAA21555945001B0E54 /* Debug */ = {
			isa = XCBuildConfiguration;
			buildSettings = {
				ASSETCATALOG_COMPILER_APPICON_NAME = AppIcon;
				CODE_SIGN_ENTITLEMENTS = "Altitude UI/Altitude_UI.entitlements";
				CODE_SIGN_STYLE = Automatic;
				COMBINE_HIDPI_IMAGES = YES;
				DEVELOPMENT_TEAM = 469MLTNL8A;
				INFOPLIST_FILE = "Altitude UI/Info.plist";
				LD_RUNPATH_SEARCH_PATHS = (
					"$(inherited)",
					"@executable_path/../Frameworks",
				);
				MACOSX_DEPLOYMENT_TARGET = 10.12;
				PRODUCT_BUNDLE_IDENTIFIER = com.conorthedev.Altitude;
				PRODUCT_NAME = "$(TARGET_NAME)";
				SWIFT_OBJC_BRIDGING_HEADER = "$(SRCROOT)/Altitude UI/BridgingHeader.h";
				SWIFT_VERSION = 4.0;
			};
			name = Debug;
		};
		4DD4BCAB21555945001B0E54 /* Release */ = {
			isa = XCBuildConfiguration;
			buildSettings = {
				ASSETCATALOG_COMPILER_APPICON_NAME = AppIcon;
				CODE_SIGN_ENTITLEMENTS = "Altitude UI/Altitude_UI.entitlements";
				CODE_SIGN_STYLE = Automatic;
				COMBINE_HIDPI_IMAGES = YES;
				DEVELOPMENT_TEAM = 469MLTNL8A;
				INFOPLIST_FILE = "Altitude UI/Info.plist";
				LD_RUNPATH_SEARCH_PATHS = (
					"$(inherited)",
					"@executable_path/../Frameworks",
				);
				MACOSX_DEPLOYMENT_TARGET = 10.12;
				PRODUCT_BUNDLE_IDENTIFIER = com.conorthedev.Altitude;
				PRODUCT_NAME = "$(TARGET_NAME)";
				SWIFT_OBJC_BRIDGING_HEADER = "$(SRCROOT)/Altitude UI/BridgingHeader.h";
				SWIFT_VERSION = 4.0;
			};
			name = Release;
		};
		4DD4BCAD21555945001B0E54 /* Debug */ = {
			isa = XCBuildConfiguration;
			buildSettings = {
				ALWAYS_EMBED_SWIFT_STANDARD_LIBRARIES = YES;
				BUNDLE_LOADER = "$(TEST_HOST)";
				CODE_SIGN_STYLE = Automatic;
				COMBINE_HIDPI_IMAGES = YES;
				DEVELOPMENT_TEAM = 9859KQSN8L;
				INFOPLIST_FILE = "Altitude UITests/Info.plist";
				LD_RUNPATH_SEARCH_PATHS = (
					"$(inherited)",
					"@executable_path/../Frameworks",
					"@loader_path/../Frameworks",
				);
				PRODUCT_BUNDLE_IDENTIFIER = "us.evendev.Altitude-UITests";
				PRODUCT_NAME = "$(TARGET_NAME)";
				SWIFT_VERSION = 4.0;
				TEST_HOST = "$(BUILT_PRODUCTS_DIR)/Altitude UI.app/Contents/MacOS/Altitude UI";
			};
			name = Debug;
		};
		4DD4BCAE21555945001B0E54 /* Release */ = {
			isa = XCBuildConfiguration;
			buildSettings = {
				ALWAYS_EMBED_SWIFT_STANDARD_LIBRARIES = YES;
				BUNDLE_LOADER = "$(TEST_HOST)";
				CODE_SIGN_STYLE = Automatic;
				COMBINE_HIDPI_IMAGES = YES;
				DEVELOPMENT_TEAM = 9859KQSN8L;
				INFOPLIST_FILE = "Altitude UITests/Info.plist";
				LD_RUNPATH_SEARCH_PATHS = (
					"$(inherited)",
					"@executable_path/../Frameworks",
					"@loader_path/../Frameworks",
				);
				PRODUCT_BUNDLE_IDENTIFIER = "us.evendev.Altitude-UITests";
				PRODUCT_NAME = "$(TARGET_NAME)";
				SWIFT_VERSION = 4.0;
				TEST_HOST = "$(BUILT_PRODUCTS_DIR)/Altitude UI.app/Contents/MacOS/Altitude UI";
			};
			name = Release;
		};
		4DD4BCB021555945001B0E54 /* Debug */ = {
			isa = XCBuildConfiguration;
			buildSettings = {
				ALWAYS_EMBED_SWIFT_STANDARD_LIBRARIES = YES;
				CODE_SIGN_STYLE = Automatic;
				COMBINE_HIDPI_IMAGES = YES;
				DEVELOPMENT_TEAM = 9859KQSN8L;
				INFOPLIST_FILE = "Altitude UIUITests/Info.plist";
				LD_RUNPATH_SEARCH_PATHS = (
					"$(inherited)",
					"@executable_path/../Frameworks",
					"@loader_path/../Frameworks",
				);
				PRODUCT_BUNDLE_IDENTIFIER = "us.evendev.Altitude-UIUITests";
				PRODUCT_NAME = "$(TARGET_NAME)";
				SWIFT_VERSION = 4.0;
				TEST_TARGET_NAME = "Altitude UI";
			};
			name = Debug;
		};
		4DD4BCB121555945001B0E54 /* Release */ = {
			isa = XCBuildConfiguration;
			buildSettings = {
				ALWAYS_EMBED_SWIFT_STANDARD_LIBRARIES = YES;
				CODE_SIGN_STYLE = Automatic;
				COMBINE_HIDPI_IMAGES = YES;
				DEVELOPMENT_TEAM = 9859KQSN8L;
				INFOPLIST_FILE = "Altitude UIUITests/Info.plist";
				LD_RUNPATH_SEARCH_PATHS = (
					"$(inherited)",
					"@executable_path/../Frameworks",
					"@loader_path/../Frameworks",
				);
				PRODUCT_BUNDLE_IDENTIFIER = "us.evendev.Altitude-UIUITests";
				PRODUCT_NAME = "$(TARGET_NAME)";
				SWIFT_VERSION = 4.0;
				TEST_TARGET_NAME = "Altitude UI";
			};
			name = Release;
		};
/* End XCBuildConfiguration section */

/* Begin XCConfigurationList section */
		4DD4BC7E21555944001B0E54 /* Build configuration list for PBXProject "Altitude UI" */ = {
			isa = XCConfigurationList;
			buildConfigurations = (
				4DD4BCA721555945001B0E54 /* Debug */,
				4DD4BCA821555945001B0E54 /* Release */,
			);
			defaultConfigurationIsVisible = 0;
			defaultConfigurationName = Release;
		};
		4DD4BCA921555945001B0E54 /* Build configuration list for PBXNativeTarget "Altitude UI" */ = {
			isa = XCConfigurationList;
			buildConfigurations = (
				4DD4BCAA21555945001B0E54 /* Debug */,
				4DD4BCAB21555945001B0E54 /* Release */,
			);
			defaultConfigurationIsVisible = 0;
			defaultConfigurationName = Release;
		};
		4DD4BCAC21555945001B0E54 /* Build configuration list for PBXNativeTarget "Altitude UITests" */ = {
			isa = XCConfigurationList;
			buildConfigurations = (
				4DD4BCAD21555945001B0E54 /* Debug */,
				4DD4BCAE21555945001B0E54 /* Release */,
			);
			defaultConfigurationIsVisible = 0;
			defaultConfigurationName = Release;
		};
		4DD4BCAF21555945001B0E54 /* Build configuration list for PBXNativeTarget "Altitude UIUITests" */ = {
			isa = XCConfigurationList;
			buildConfigurations = (
				4DD4BCB021555945001B0E54 /* Debug */,
				4DD4BCB121555945001B0E54 /* Release */,
			);
			defaultConfigurationIsVisible = 0;
			defaultConfigurationName = Release;
		};
/* End XCConfigurationList section */
	};
	rootObject = 4DD4BC7B21555944001B0E54 /* Project object */;
}
